
Microsoft Visual Studio Solution File, Format Version 12.00
# Visual Studio 14
VisualStudioVersion = 14.0.25420.1
MinimumVisualStudioVersion = 10.0.40219.1
Project("{FAE04EC0-301F-11D3-BF4B-00C04F79EFBC}") = "TweetAcrostics", "TweetAcrostics\TweetAcrostics.csproj", "{34F61338-3873-46FC-A3BD-88ADB7E521B4}"
EndProject
Project("{FAE04EC0-301F-11D3-BF4B-00C04F79EFBC}") = "Dates", "Dates\Dates.csproj", "{8E76553F-1DEA-4C82-AC09-3C81400134FE}"
EndProject
Global
	GlobalSection(SolutionConfigurationPlatforms) = preSolution
		Debug|Any CPU = Debug|Any CPU
		Release|Any CPU = Release|Any CPU
	EndGlobalSection
	GlobalSection(ProjectConfigurationPlatforms) = postSolution
		{34F61338-3873-46FC-A3BD-88ADB7E521B4}.Debug|Any CPU.ActiveCfg = Debug|Any CPU
		{34F61338-3873-46FC-A3BD-88ADB7E521B4}.Debug|Any CPU.Build.0 = Debug|Any CPU
		{34F61338-3873-46FC-A3BD-88ADB7E521B4}.Release|Any CPU.ActiveCfg = Release|Any CPU
		{34F61338-3873-46FC-A3BD-88ADB7E521B4}.Release|Any CPU.Build.0 = Release|Any CPU
		{8E76553F-1DEA-4C82-AC09-3C81400134FE}.Debug|Any CPU.ActiveCfg = Debug|Any CPU
		{8E76553F-1DEA-4C82-AC09-3C81400134FE}.Debug|Any CPU.Build.0 = Debug|Any CPU
		{8E76553F-1DEA-4C82-AC09-3C81400134FE}.Release|Any CPU.ActiveCfg = Release|Any CPU
		{8E76553F-1DEA-4C82-AC09-3C81400134FE}.Release|Any CPU.Build.0 = Release|Any CPU
	EndGlobalSection
	GlobalSection(SolutionProperties) = preSolution
		HideSolutionNode = FALSE
	EndGlobalSection
EndGlobal
